
Microsoft Visual Studio Solution File, Format Version 12.00
# Visual Studio Version 17
VisualStudioVersion = 17.1.32228.430
MinimumVisualStudioVersion = 10.0.40219.1
Project("{9A19103F-16F7-4668-BE54-9A1E7A4F7556}") = "DesignPatterns", "DesignPatterns\DesignPatterns.csproj", "{AEDFA3C6-5CBA-488F-B4D6-50F07B28D6D3}"
EndProject
Project("{9A19103F-16F7-4668-BE54-9A1E7A4F7556}") = "Singleton", "Creational\Singleton\Singleton.csproj", "{5A9188A4-AB6E-4F1E-A44B-9497CED3773B}"
EndProject
Project("{9A19103F-16F7-4668-BE54-9A1E7A4F7556}") = "FactoryMethod", "Creational\FactoryMethod\FactoryMethod.csproj", "{93B1EB45-E45C-4DE4-9DCE-381566EFE584}"
EndProject
Project("{2150E333-8FDC-42A3-9474-1A3956D46DE8}") = "Creational", "Creational", "{9F4A89D1-6D0C-4C11-9BE2-599609EE5F3A}"
EndProject
Project("{9A19103F-16F7-4668-BE54-9A1E7A4F7556}") = "AbstractFactory", "Creational\AbstractFactory\AbstractFactory.csproj", "{8E89CD12-A5AA-4726-ADE5-876598E2EBC9}"
EndProject
Project("{9A19103F-16F7-4668-BE54-9A1E7A4F7556}") = "Builder", "Creational\Builder\Builder.csproj", "{8DBB3B7F-DAEB-46D1-8AAA-FB9A26632142}"
EndProject
Project("{9A19103F-16F7-4668-BE54-9A1E7A4F7556}") = "Prototype", "Creational\Prototype\Prototype.csproj", "{57549F67-C831-4E90-A003-55E1CD33479B}"
EndProject
Project("{2150E333-8FDC-42A3-9474-1A3956D46DE8}") = "Structural", "Structural", "{0D18CF01-B9EF-4CEE-899E-5778F65AA943}"
EndProject
Project("{9A19103F-16F7-4668-BE54-9A1E7A4F7556}") = "Adapter", "Structural\Adapter\Adapter.csproj", "{BF30D056-E41A-42A5-98D3-F9D6D6648F88}"
EndProject
Project("{9A19103F-16F7-4668-BE54-9A1E7A4F7556}") = "Bridge", "Structural\Bridge\Bridge.csproj", "{828F1928-51D0-48EE-9BD3-0181ECD06F77}"
EndProject
Project("{9A19103F-16F7-4668-BE54-9A1E7A4F7556}") = "Decorator", "Structural\Decorator\Decorator.csproj", "{888D6239-F599-48F7-80D1-7B1331C18963}"
EndProject
Project("{9A19103F-16F7-4668-BE54-9A1E7A4F7556}") = "Composite", "Structural\Composite\Composite.csproj", "{A5E9A417-9CE5-4990-9A02-79283F55F094}"
EndProject
Project("{9A19103F-16F7-4668-BE54-9A1E7A4F7556}") = "Facade", "Structural\Facade\Facade.csproj", "{72D543EF-8C2B-4DC3-999F-58AA7DB29F91}"
EndProject
Project("{9A19103F-16F7-4668-BE54-9A1E7A4F7556}") = "Proxy", "Structural\Proxy\Proxy.csproj", "{48D5E6EB-84E8-43AF-B68E-A02598D6BC35}"
EndProject
Project("{9A19103F-16F7-4668-BE54-9A1E7A4F7556}") = "Flyweight", "Structural\Flyweight\Flyweight.csproj", "{48739FCC-817C-40A1-AC8A-B0DDCE082794}"
EndProject
Project("{2150E333-8FDC-42A3-9474-1A3956D46DE8}") = "Behavioral", "Behavioral", "{8453B26D-9322-44A5-AB65-F25165D18CB6}"
EndProject
Project("{9A19103F-16F7-4668-BE54-9A1E7A4F7556}") = "TemplateMethod", "Behavioral\TemplateMethod\TemplateMethod.csproj", "{32F0302D-53D6-4254-A54F-3A6B99EAE30C}"
EndProject
Project("{9A19103F-16F7-4668-BE54-9A1E7A4F7556}") = "Strategy", "Behavioral\Strategy\Strategy.csproj", "{AEE53F48-DC90-4060-9D1C-912F6F53DF56}"
EndProject
Project("{9A19103F-16F7-4668-BE54-9A1E7A4F7556}") = "Command", "Behavioral\Command\Command.csproj", "{BA4BC241-75B9-45F6-A10F-57DC9F5DC982}"
EndProject
Project("{FAE04EC0-301F-11D3-BF4B-00C04F79EFBC}") = "Memento", "Behavioral\Memento\Memento.csproj", "{6F051502-DAE7-45E4-9065-ABD46A49E720}"
EndProject
Project("{FAE04EC0-301F-11D3-BF4B-00C04F79EFBC}") = "Mediator", "Behavioral\Mediator\Mediator.csproj", "{40B96F81-0BAE-4F42-B506-37C87398B71D}"
EndProject
Global
	GlobalSection(SolutionConfigurationPlatforms) = preSolution
		Debug|Any CPU = Debug|Any CPU
		Release|Any CPU = Release|Any CPU
	EndGlobalSection
	GlobalSection(ProjectConfigurationPlatforms) = postSolution
		{AEDFA3C6-5CBA-488F-B4D6-50F07B28D6D3}.Debug|Any CPU.ActiveCfg = Debug|Any CPU
		{AEDFA3C6-5CBA-488F-B4D6-50F07B28D6D3}.Debug|Any CPU.Build.0 = Debug|Any CPU
		{AEDFA3C6-5CBA-488F-B4D6-50F07B28D6D3}.Release|Any CPU.ActiveCfg = Release|Any CPU
		{AEDFA3C6-5CBA-488F-B4D6-50F07B28D6D3}.Release|Any CPU.Build.0 = Release|Any CPU
		{5A9188A4-AB6E-4F1E-A44B-9497CED3773B}.Debug|Any CPU.ActiveCfg = Debug|Any CPU
		{5A9188A4-AB6E-4F1E-A44B-9497CED3773B}.Debug|Any CPU.Build.0 = Debug|Any CPU
		{5A9188A4-AB6E-4F1E-A44B-9497CED3773B}.Release|Any CPU.ActiveCfg = Release|Any CPU
		{5A9188A4-AB6E-4F1E-A44B-9497CED3773B}.Release|Any CPU.Build.0 = Release|Any CPU
		{93B1EB45-E45C-4DE4-9DCE-381566EFE584}.Debug|Any CPU.ActiveCfg = Debug|Any CPU
		{93B1EB45-E45C-4DE4-9DCE-381566EFE584}.Debug|Any CPU.Build.0 = Debug|Any CPU
		{93B1EB45-E45C-4DE4-9DCE-381566EFE584}.Release|Any CPU.ActiveCfg = Release|Any CPU
		{93B1EB45-E45C-4DE4-9DCE-381566EFE584}.Release|Any CPU.Build.0 = Release|Any CPU
		{8E89CD12-A5AA-4726-ADE5-876598E2EBC9}.Debug|Any CPU.ActiveCfg = Debug|Any CPU
		{8E89CD12-A5AA-4726-ADE5-876598E2EBC9}.Debug|Any CPU.Build.0 = Debug|Any CPU
		{8E89CD12-A5AA-4726-ADE5-876598E2EBC9}.Release|Any CPU.ActiveCfg = Release|Any CPU
		{8E89CD12-A5AA-4726-ADE5-876598E2EBC9}.Release|Any CPU.Build.0 = Release|Any CPU
		{8DBB3B7F-DAEB-46D1-8AAA-FB9A26632142}.Debug|Any CPU.ActiveCfg = Debug|Any CPU
		{8DBB3B7F-DAEB-46D1-8AAA-FB9A26632142}.Debug|Any CPU.Build.0 = Debug|Any CPU
		{8DBB3B7F-DAEB-46D1-8AAA-FB9A26632142}.Release|Any CPU.ActiveCfg = Release|Any CPU
		{8DBB3B7F-DAEB-46D1-8AAA-FB9A26632142}.Release|Any CPU.Build.0 = Release|Any CPU
		{57549F67-C831-4E90-A003-55E1CD33479B}.Debug|Any CPU.ActiveCfg = Debug|Any CPU
		{57549F67-C831-4E90-A003-55E1CD33479B}.Debug|Any CPU.Build.0 = Debug|Any CPU
		{57549F67-C831-4E90-A003-55E1CD33479B}.Release|Any CPU.ActiveCfg = Release|Any CPU
		{57549F67-C831-4E90-A003-55E1CD33479B}.Release|Any CPU.Build.0 = Release|Any CPU
		{BF30D056-E41A-42A5-98D3-F9D6D6648F88}.Debug|Any CPU.ActiveCfg = Debug|Any CPU
		{BF30D056-E41A-42A5-98D3-F9D6D6648F88}.Debug|Any CPU.Build.0 = Debug|Any CPU
		{BF30D056-E41A-42A5-98D3-F9D6D6648F88}.Release|Any CPU.ActiveCfg = Release|Any CPU
		{BF30D056-E41A-42A5-98D3-F9D6D6648F88}.Release|Any CPU.Build.0 = Release|Any CPU
		{828F1928-51D0-48EE-9BD3-0181ECD06F77}.Debug|Any CPU.ActiveCfg = Debug|Any CPU
		{828F1928-51D0-48EE-9BD3-0181ECD06F77}.Debug|Any CPU.Build.0 = Debug|Any CPU
		{828F1928-51D0-48EE-9BD3-0181ECD06F77}.Release|Any CPU.ActiveCfg = Release|Any CPU
		{828F1928-51D0-48EE-9BD3-0181ECD06F77}.Release|Any CPU.Build.0 = Release|Any CPU
		{888D6239-F599-48F7-80D1-7B1331C18963}.Debug|Any CPU.ActiveCfg = Debug|Any CPU
		{888D6239-F599-48F7-80D1-7B1331C18963}.Debug|Any CPU.Build.0 = Debug|Any CPU
		{888D6239-F599-48F7-80D1-7B1331C18963}.Release|Any CPU.ActiveCfg = Release|Any CPU
		{888D6239-F599-48F7-80D1-7B1331C18963}.Release|Any CPU.Build.0 = Release|Any CPU
		{A5E9A417-9CE5-4990-9A02-79283F55F094}.Debug|Any CPU.ActiveCfg = Debug|Any CPU
		{A5E9A417-9CE5-4990-9A02-79283F55F094}.Debug|Any CPU.Build.0 = Debug|Any CPU
		{A5E9A417-9CE5-4990-9A02-79283F55F094}.Release|Any CPU.ActiveCfg = Release|Any CPU
		{A5E9A417-9CE5-4990-9A02-79283F55F094}.Release|Any CPU.Build.0 = Release|Any CPU
		{72D543EF-8C2B-4DC3-999F-58AA7DB29F91}.Debug|Any CPU.ActiveCfg = Debug|Any CPU
		{72D543EF-8C2B-4DC3-999F-58AA7DB29F91}.Debug|Any CPU.Build.0 = Debug|Any CPU
		{72D543EF-8C2B-4DC3-999F-58AA7DB29F91}.Release|Any CPU.ActiveCfg = Release|Any CPU
		{72D543EF-8C2B-4DC3-999F-58AA7DB29F91}.Release|Any CPU.Build.0 = Release|Any CPU
		{48D5E6EB-84E8-43AF-B68E-A02598D6BC35}.Debug|Any CPU.ActiveCfg = Debug|Any CPU
		{48D5E6EB-84E8-43AF-B68E-A02598D6BC35}.Debug|Any CPU.Build.0 = Debug|Any CPU
		{48D5E6EB-84E8-43AF-B68E-A02598D6BC35}.Release|Any CPU.ActiveCfg = Release|Any CPU
		{48D5E6EB-84E8-43AF-B68E-A02598D6BC35}.Release|Any CPU.Build.0 = Release|Any CPU
		{48739FCC-817C-40A1-AC8A-B0DDCE082794}.Debug|Any CPU.ActiveCfg = Debug|Any CPU
		{48739FCC-817C-40A1-AC8A-B0DDCE082794}.Debug|Any CPU.Build.0 = Debug|Any CPU
		{48739FCC-817C-40A1-AC8A-B0DDCE082794}.Release|Any CPU.ActiveCfg = Release|Any CPU
		{48739FCC-817C-40A1-AC8A-B0DDCE082794}.Release|Any CPU.Build.0 = Release|Any CPU
		{32F0302D-53D6-4254-A54F-3A6B99EAE30C}.Debug|Any CPU.ActiveCfg = Debug|Any CPU
		{32F0302D-53D6-4254-A54F-3A6B99EAE30C}.Debug|Any CPU.Build.0 = Debug|Any CPU
		{32F0302D-53D6-4254-A54F-3A6B99EAE30C}.Release|Any CPU.ActiveCfg = Release|Any CPU
		{32F0302D-53D6-4254-A54F-3A6B99EAE30C}.Release|Any CPU.Build.0 = Release|Any CPU
		{AEE53F48-DC90-4060-9D1C-912F6F53DF56}.Debug|Any CPU.ActiveCfg = Debug|Any CPU
		{AEE53F48-DC90-4060-9D1C-912F6F53DF56}.Debug|Any CPU.Build.0 = Debug|Any CPU
		{AEE53F48-DC90-4060-9D1C-912F6F53DF56}.Release|Any CPU.ActiveCfg = Release|Any CPU
		{AEE53F48-DC90-4060-9D1C-912F6F53DF56}.Release|Any CPU.Build.0 = Release|Any CPU
		{BA4BC241-75B9-45F6-A10F-57DC9F5DC982}.Debug|Any CPU.ActiveCfg = Debug|Any CPU
		{BA4BC241-75B9-45F6-A10F-57DC9F5DC982}.Debug|Any CPU.Build.0 = Debug|Any CPU
		{BA4BC241-75B9-45F6-A10F-57DC9F5DC982}.Release|Any CPU.ActiveCfg = Release|Any CPU
		{BA4BC241-75B9-45F6-A10F-57DC9F5DC982}.Release|Any CPU.Build.0 = Release|Any CPU
		{6F051502-DAE7-45E4-9065-ABD46A49E720}.Debug|Any CPU.ActiveCfg = Debug|Any CPU
		{6F051502-DAE7-45E4-9065-ABD46A49E720}.Debug|Any CPU.Build.0 = Debug|Any CPU
		{6F051502-DAE7-45E4-9065-ABD46A49E720}.Release|Any CPU.ActiveCfg = Release|Any CPU
		{6F051502-DAE7-45E4-9065-ABD46A49E720}.Release|Any CPU.Build.0 = Release|Any CPU
		{40B96F81-0BAE-4F42-B506-37C87398B71D}.Debug|Any CPU.ActiveCfg = Debug|Any CPU
		{40B96F81-0BAE-4F42-B506-37C87398B71D}.Debug|Any CPU.Build.0 = Debug|Any CPU
		{40B96F81-0BAE-4F42-B506-37C87398B71D}.Release|Any CPU.ActiveCfg = Release|Any CPU
		{40B96F81-0BAE-4F42-B506-37C87398B71D}.Release|Any CPU.Build.0 = Release|Any CPU
	EndGlobalSection
	GlobalSection(SolutionProperties) = preSolution
		HideSolutionNode = FALSE
	EndGlobalSection
	GlobalSection(NestedProjects) = preSolution
		{5A9188A4-AB6E-4F1E-A44B-9497CED3773B} = {9F4A89D1-6D0C-4C11-9BE2-599609EE5F3A}
		{93B1EB45-E45C-4DE4-9DCE-381566EFE584} = {9F4A89D1-6D0C-4C11-9BE2-599609EE5F3A}
		{8E89CD12-A5AA-4726-ADE5-876598E2EBC9} = {9F4A89D1-6D0C-4C11-9BE2-599609EE5F3A}
		{8DBB3B7F-DAEB-46D1-8AAA-FB9A26632142} = {9F4A89D1-6D0C-4C11-9BE2-599609EE5F3A}
		{57549F67-C831-4E90-A003-55E1CD33479B} = {9F4A89D1-6D0C-4C11-9BE2-599609EE5F3A}
		{BF30D056-E41A-42A5-98D3-F9D6D6648F88} = {0D18CF01-B9EF-4CEE-899E-5778F65AA943}
		{828F1928-51D0-48EE-9BD3-0181ECD06F77} = {0D18CF01-B9EF-4CEE-899E-5778F65AA943}
		{888D6239-F599-48F7-80D1-7B1331C18963} = {0D18CF01-B9EF-4CEE-899E-5778F65AA943}
		{A5E9A417-9CE5-4990-9A02-79283F55F094} = {0D18CF01-B9EF-4CEE-899E-5778F65AA943}
		{72D543EF-8C2B-4DC3-999F-58AA7DB29F91} = {0D18CF01-B9EF-4CEE-899E-5778F65AA943}
		{48D5E6EB-84E8-43AF-B68E-A02598D6BC35} = {0D18CF01-B9EF-4CEE-899E-5778F65AA943}
		{48739FCC-817C-40A1-AC8A-B0DDCE082794} = {0D18CF01-B9EF-4CEE-899E-5778F65AA943}
		{32F0302D-53D6-4254-A54F-3A6B99EAE30C} = {8453B26D-9322-44A5-AB65-F25165D18CB6}
		{AEE53F48-DC90-4060-9D1C-912F6F53DF56} = {8453B26D-9322-44A5-AB65-F25165D18CB6}
		{BA4BC241-75B9-45F6-A10F-57DC9F5DC982} = {8453B26D-9322-44A5-AB65-F25165D18CB6}
		{6F051502-DAE7-45E4-9065-ABD46A49E720} = {8453B26D-9322-44A5-AB65-F25165D18CB6}
		{40B96F81-0BAE-4F42-B506-37C87398B71D} = {8453B26D-9322-44A5-AB65-F25165D18CB6}
	EndGlobalSection
	GlobalSection(ExtensibilityGlobals) = postSolution
		SolutionGuid = {1556CDD1-5F47-426F-B74F-5D124E976F1D}
	EndGlobalSection
EndGlobal
