
Microsoft Visual Studio Solution File, Format Version 12.00
# Visual Studio Version 17
VisualStudioVersion = 17.1.32228.430
MinimumVisualStudioVersion = 10.0.40219.1
Project("{9A19103F-16F7-4668-BE54-9A1E7A4F7556}") = "DesignPatterns", "DesignPatterns\DesignPatterns.csproj", "{AEDFA3C6-5CBA-488F-B4D6-50F07B28D6D3}"
EndProject
Project("{9A19103F-16F7-4668-BE54-9A1E7A4F7556}") = "Singleton", "Creational\Singleton\Singleton.csproj", "{5A9188A4-AB6E-4F1E-A44B-9497CED3773B}"
EndProject
Project("{9A19103F-16F7-4668-BE54-9A1E7A4F7556}") = "FactoryMethod", "Creational\FactoryMethod\FactoryMethod.csproj", "{93B1EB45-E45C-4DE4-9DCE-381566EFE584}"
EndProject
Project("{2150E333-8FDC-42A3-9474-1A3956D46DE8}") = "Creational", "Creational", "{9F4A89D1-6D0C-4C11-9BE2-599609EE5F3A}"
EndProject
Project("{2150E333-8FDC-42A3-9474-1A3956D46DE8}") = "Solution Items", "Solution Items", "{03ACAF37-ACD5-4570-B54F-DD16A670F515}"
	ProjectSection(SolutionItems) = preProject
		..\NOTES.md = ..\NOTES.md
		..\README.md = ..\README.md
	EndProjectSection
EndProject
Project("{9A19103F-16F7-4668-BE54-9A1E7A4F7556}") = "AbstractFactory", "Creational\AbstractFactory\AbstractFactory.csproj", "{8E89CD12-A5AA-4726-ADE5-876598E2EBC9}"
EndProject
Project("{9A19103F-16F7-4668-BE54-9A1E7A4F7556}") = "Builder", "Creational\Builder\Builder.csproj", "{8DBB3B7F-DAEB-46D1-8AAA-FB9A26632142}"
EndProject
Project("{9A19103F-16F7-4668-BE54-9A1E7A4F7556}") = "Prototype", "Creational\Prototype\Prototype.csproj", "{57549F67-C831-4E90-A003-55E1CD33479B}"
EndProject
Project("{2150E333-8FDC-42A3-9474-1A3956D46DE8}") = "Structural", "Structural", "{0D18CF01-B9EF-4CEE-899E-5778F65AA943}"
EndProject
Project("{9A19103F-16F7-4668-BE54-9A1E7A4F7556}") = "Adapter", "Adapter\Adapter.csproj", "{BF30D056-E41A-42A5-98D3-F9D6D6648F88}"
EndProject
Project("{9A19103F-16F7-4668-BE54-9A1E7A4F7556}") = "Bridge", "Bridge\Bridge.csproj", "{828F1928-51D0-48EE-9BD3-0181ECD06F77}"
EndProject
Project("{9A19103F-16F7-4668-BE54-9A1E7A4F7556}") = "Decorator", "Decorator\Decorator.csproj", "{888D6239-F599-48F7-80D1-7B1331C18963}"
EndProject
Project("{9A19103F-16F7-4668-BE54-9A1E7A4F7556}") = "Composite", "Composite\Composite.csproj", "{A5E9A417-9CE5-4990-9A02-79283F55F094}"
EndProject
Project("{FAE04EC0-301F-11D3-BF4B-00C04F79EFBC}") = "Facade", "Facade\Facade.csproj", "{72D543EF-8C2B-4DC3-999F-58AA7DB29F91}"
EndProject
Global
	GlobalSection(SolutionConfigurationPlatforms) = preSolution
		Debug|Any CPU = Debug|Any CPU
		Release|Any CPU = Release|Any CPU
	EndGlobalSection
	GlobalSection(ProjectConfigurationPlatforms) = postSolution
		{AEDFA3C6-5CBA-488F-B4D6-50F07B28D6D3}.Debug|Any CPU.ActiveCfg = Debug|Any CPU
		{AEDFA3C6-5CBA-488F-B4D6-50F07B28D6D3}.Debug|Any CPU.Build.0 = Debug|Any CPU
		{AEDFA3C6-5CBA-488F-B4D6-50F07B28D6D3}.Release|Any CPU.ActiveCfg = Release|Any CPU
		{AEDFA3C6-5CBA-488F-B4D6-50F07B28D6D3}.Release|Any CPU.Build.0 = Release|Any CPU
		{5A9188A4-AB6E-4F1E-A44B-9497CED3773B}.Debug|Any CPU.ActiveCfg = Debug|Any CPU
		{5A9188A4-AB6E-4F1E-A44B-9497CED3773B}.Debug|Any CPU.Build.0 = Debug|Any CPU
		{5A9188A4-AB6E-4F1E-A44B-9497CED3773B}.Release|Any CPU.ActiveCfg = Release|Any CPU
		{5A9188A4-AB6E-4F1E-A44B-9497CED3773B}.Release|Any CPU.Build.0 = Release|Any CPU
		{93B1EB45-E45C-4DE4-9DCE-381566EFE584}.Debug|Any CPU.ActiveCfg = Debug|Any CPU
		{93B1EB45-E45C-4DE4-9DCE-381566EFE584}.Debug|Any CPU.Build.0 = Debug|Any CPU
		{93B1EB45-E45C-4DE4-9DCE-381566EFE584}.Release|Any CPU.ActiveCfg = Release|Any CPU
		{93B1EB45-E45C-4DE4-9DCE-381566EFE584}.Release|Any CPU.Build.0 = Release|Any CPU
		{8E89CD12-A5AA-4726-ADE5-876598E2EBC9}.Debug|Any CPU.ActiveCfg = Debug|Any CPU
		{8E89CD12-A5AA-4726-ADE5-876598E2EBC9}.Debug|Any CPU.Build.0 = Debug|Any CPU
		{8E89CD12-A5AA-4726-ADE5-876598E2EBC9}.Release|Any CPU.ActiveCfg = Release|Any CPU
		{8E89CD12-A5AA-4726-ADE5-876598E2EBC9}.Release|Any CPU.Build.0 = Release|Any CPU
		{8DBB3B7F-DAEB-46D1-8AAA-FB9A26632142}.Debug|Any CPU.ActiveCfg = Debug|Any CPU
		{8DBB3B7F-DAEB-46D1-8AAA-FB9A26632142}.Debug|Any CPU.Build.0 = Debug|Any CPU
		{8DBB3B7F-DAEB-46D1-8AAA-FB9A26632142}.Release|Any CPU.ActiveCfg = Release|Any CPU
		{8DBB3B7F-DAEB-46D1-8AAA-FB9A26632142}.Release|Any CPU.Build.0 = Release|Any CPU
		{57549F67-C831-4E90-A003-55E1CD33479B}.Debug|Any CPU.ActiveCfg = Debug|Any CPU
		{57549F67-C831-4E90-A003-55E1CD33479B}.Debug|Any CPU.Build.0 = Debug|Any CPU
		{57549F67-C831-4E90-A003-55E1CD33479B}.Release|Any CPU.ActiveCfg = Release|Any CPU
		{57549F67-C831-4E90-A003-55E1CD33479B}.Release|Any CPU.Build.0 = Release|Any CPU
		{BF30D056-E41A-42A5-98D3-F9D6D6648F88}.Debug|Any CPU.ActiveCfg = Debug|Any CPU
		{BF30D056-E41A-42A5-98D3-F9D6D6648F88}.Debug|Any CPU.Build.0 = Debug|Any CPU
		{BF30D056-E41A-42A5-98D3-F9D6D6648F88}.Release|Any CPU.ActiveCfg = Release|Any CPU
		{BF30D056-E41A-42A5-98D3-F9D6D6648F88}.Release|Any CPU.Build.0 = Release|Any CPU
		{828F1928-51D0-48EE-9BD3-0181ECD06F77}.Debug|Any CPU.ActiveCfg = Debug|Any CPU
		{828F1928-51D0-48EE-9BD3-0181ECD06F77}.Debug|Any CPU.Build.0 = Debug|Any CPU
		{828F1928-51D0-48EE-9BD3-0181ECD06F77}.Release|Any CPU.ActiveCfg = Release|Any CPU
		{828F1928-51D0-48EE-9BD3-0181ECD06F77}.Release|Any CPU.Build.0 = Release|Any CPU
		{888D6239-F599-48F7-80D1-7B1331C18963}.Debug|Any CPU.ActiveCfg = Debug|Any CPU
		{888D6239-F599-48F7-80D1-7B1331C18963}.Debug|Any CPU.Build.0 = Debug|Any CPU
		{888D6239-F599-48F7-80D1-7B1331C18963}.Release|Any CPU.ActiveCfg = Release|Any CPU
		{888D6239-F599-48F7-80D1-7B1331C18963}.Release|Any CPU.Build.0 = Release|Any CPU
		{A5E9A417-9CE5-4990-9A02-79283F55F094}.Debug|Any CPU.ActiveCfg = Debug|Any CPU
		{A5E9A417-9CE5-4990-9A02-79283F55F094}.Debug|Any CPU.Build.0 = Debug|Any CPU
		{A5E9A417-9CE5-4990-9A02-79283F55F094}.Release|Any CPU.ActiveCfg = Release|Any CPU
		{A5E9A417-9CE5-4990-9A02-79283F55F094}.Release|Any CPU.Build.0 = Release|Any CPU
		{72D543EF-8C2B-4DC3-999F-58AA7DB29F91}.Debug|Any CPU.ActiveCfg = Debug|Any CPU
		{72D543EF-8C2B-4DC3-999F-58AA7DB29F91}.Debug|Any CPU.Build.0 = Debug|Any CPU
		{72D543EF-8C2B-4DC3-999F-58AA7DB29F91}.Release|Any CPU.ActiveCfg = Release|Any CPU
		{72D543EF-8C2B-4DC3-999F-58AA7DB29F91}.Release|Any CPU.Build.0 = Release|Any CPU
	EndGlobalSection
	GlobalSection(SolutionProperties) = preSolution
		HideSolutionNode = FALSE
	EndGlobalSection
	GlobalSection(NestedProjects) = preSolution
		{5A9188A4-AB6E-4F1E-A44B-9497CED3773B} = {9F4A89D1-6D0C-4C11-9BE2-599609EE5F3A}
		{93B1EB45-E45C-4DE4-9DCE-381566EFE584} = {9F4A89D1-6D0C-4C11-9BE2-599609EE5F3A}
		{8E89CD12-A5AA-4726-ADE5-876598E2EBC9} = {9F4A89D1-6D0C-4C11-9BE2-599609EE5F3A}
		{8DBB3B7F-DAEB-46D1-8AAA-FB9A26632142} = {9F4A89D1-6D0C-4C11-9BE2-599609EE5F3A}
		{57549F67-C831-4E90-A003-55E1CD33479B} = {9F4A89D1-6D0C-4C11-9BE2-599609EE5F3A}
		{BF30D056-E41A-42A5-98D3-F9D6D6648F88} = {0D18CF01-B9EF-4CEE-899E-5778F65AA943}
		{828F1928-51D0-48EE-9BD3-0181ECD06F77} = {0D18CF01-B9EF-4CEE-899E-5778F65AA943}
		{888D6239-F599-48F7-80D1-7B1331C18963} = {0D18CF01-B9EF-4CEE-899E-5778F65AA943}
		{A5E9A417-9CE5-4990-9A02-79283F55F094} = {0D18CF01-B9EF-4CEE-899E-5778F65AA943}
		{72D543EF-8C2B-4DC3-999F-58AA7DB29F91} = {0D18CF01-B9EF-4CEE-899E-5778F65AA943}
	EndGlobalSection
	GlobalSection(ExtensibilityGlobals) = postSolution
		SolutionGuid = {1556CDD1-5F47-426F-B74F-5D124E976F1D}
	EndGlobalSection
EndGlobal
